<?xml version="1.0" encoding="utf-8"?>
<Project ToolsVersion="4.0" xmlns="http://schemas.microsoft.com/developer/msbuild/2003">
  <ItemGroup>
    <Filter Include="Source files">
      <UniqueIdentifier>{86628d61-8c49-4894-aa66-ba9b44db8ad5}</UniqueIdentifier>
      <Extensions>cpp;c;cc;cxx;def;odl;idl;hpj;bat;asm;asmx</Extensions>
    </Filter>
    <Filter Include="Header files">
      <UniqueIdentifier>{59364592-f026-4ba1-b6e3-af917411eed1}</UniqueIdentifier>
      <Extensions>h;hpp;hxx;hm;inl;inc;xsd</Extensions>
    </Filter>
    <Filter Include="Resource files">
      <UniqueIdentifier>{ac84a733-75a7-442c-8ebc-9645f99b21ec}</UniqueIdentifier>
      <Extensions>rc;ico;cur;bmp;dlg;rc2;rct;bin;rgs;gif;jpg;jpeg;jpe;resx;tiff;tif;png;wav</Extensions>
    </Filter>
    <Filter Include="Source files\USER">
      <UniqueIdentifier>{8a6fec13-94e9-4665-a583-d96804805021}</UniqueIdentifier>
    </Filter>
    <Filter Include="Source files\HARDWARE">
      <UniqueIdentifier>{8c841606-f86a-4b04-8202-41b6bc19b783}</UniqueIdentifier>
    </Filter>
    <Filter Include="Source files\CORE">
      <UniqueIdentifier>{7842a297-41c1-4b6e-982b-eced239e4ce2}</UniqueIdentifier>
    </Filter>
    <Filter Include="Source files\FWLIB">
      <UniqueIdentifier>{00da3185-4a73-4727-9e19-cdcf5667da78}</UniqueIdentifier>
    </Filter>
    <Filter Include="Source files\SYSTEM">
      <UniqueIdentifier>{e4ded2d5-9f24-45e6-bb41-306c56034c52}</UniqueIdentifier>
    </Filter>
    <Filter Include="Source files\UCOSIII_BSP">
      <UniqueIdentifier>{5e64d6b5-c81a-4df9-9db5-7ead900cc0f8}</UniqueIdentifier>
    </Filter>
    <Filter Include="Source files\UCOSIII_CPU">
      <UniqueIdentifier>{bd7aa222-01b4-4d96-b571-7f9f614933e0}</UniqueIdentifier>
    </Filter>
    <Filter Include="Source files\UCOSIII_LIB">
      <UniqueIdentifier>{a32a88bc-f0a4-4cf0-a63d-fff329a385b8}</UniqueIdentifier>
    </Filter>
    <Filter Include="Source files\UCOSIII_CORE">
      <UniqueIdentifier>{d79d4b66-ec0a-447a-91f5-19944201e1ae}</UniqueIdentifier>
    </Filter>
    <Filter Include="Source files\UCOSIII_PORT">
      <UniqueIdentifier>{2d9610d9-7efa-479a-80b0-3cd27281e6e0}</UniqueIdentifier>
    </Filter>
    <Filter Include="Source files\UCOSIII_CONFIG">
      <UniqueIdentifier>{cc38f07a-957f-4180-8303-49c95fd54dd1}</UniqueIdentifier>
    </Filter>
    <Filter Include="Source files\Device-specific files">
      <UniqueIdentifier>{a466d075-015b-4602-b39a-6b4c0c9d232d}</UniqueIdentifier>
    </Filter>
    <Filter Include="Header files\USER">
      <UniqueIdentifier>{ca312f40-75f3-4931-9128-a32a09967a07}</UniqueIdentifier>
    </Filter>
    <Filter Include="Header files\HARDWARE">
      <UniqueIdentifier>{e289465c-1fe5-4279-955d-71cdcd9d48db}</UniqueIdentifier>
    </Filter>
    <Filter Include="Header files\CORE">
      <UniqueIdentifier>{4b75238f-6fe7-4ee7-9d78-29e80957f9a6}</UniqueIdentifier>
    </Filter>
    <Filter Include="Header files\FWLIB">
      <UniqueIdentifier>{4e2723e9-b5b9-4415-8a9f-c7716e506adc}</UniqueIdentifier>
    </Filter>
    <Filter Include="Header files\SYSTEM">
      <UniqueIdentifier>{356b7df7-7f76-4f54-85ae-6b005717d9ac}</UniqueIdentifier>
    </Filter>
    <Filter Include="Header files\UCOSIII_BSP">
      <UniqueIdentifier>{f5c5a1a6-9332-41c9-b2e3-0186ddaab90f}</UniqueIdentifier>
    </Filter>
    <Filter Include="Header files\UCOSIII_CPU">
      <UniqueIdentifier>{8b679d42-464b-4b66-bdd6-0327147fb0ea}</UniqueIdentifier>
    </Filter>
    <Filter Include="Header files\UCOSIII_LIB">
      <UniqueIdentifier>{59f93bd4-faac-4496-9fe7-7df0d1ac0fd3}</UniqueIdentifier>
    </Filter>
    <Filter Include="Header files\UCOSIII_CORE">
      <UniqueIdentifier>{e2d6b0af-93cb-402d-8a81-0181adf786bc}</UniqueIdentifier>
    </Filter>
    <Filter Include="Header files\UCOSIII_PORT">
      <UniqueIdentifier>{77a651ff-df65-4acf-87fe-ed4c85fdff7c}</UniqueIdentifier>
    </Filter>
    <Filter Include="Header files\UCOSIII_CONFIG">
      <UniqueIdentifier>{21cf1197-8c81-4b63-a0c1-41c5a19bd971}</UniqueIdentifier>
    </Filter>
    <Filter Include="Header files\Device-specific files">
      <UniqueIdentifier>{291e2a92-baf0-4e13-b5f7-d0cdb9b723a0}</UniqueIdentifier>
    </Filter>
    <Filter Include="VisualGDB settings">
      <UniqueIdentifier>{0998c68a-0633-4948-95b6-bf037ae37387}</UniqueIdentifier>
    </Filter>
  </ItemGroup>
  <ItemGroup>
    <ClCompile Include="..\..\..\USER\main.c">
      <Filter>Source files\USER</Filter>
    </ClCompile>
    <ClCompile Include="..\..\..\USER\stm32f4xx_it.c">
      <Filter>Source files\USER</Filter>
    </ClCompile>
    <ClCompile Include="..\..\..\USER\system_stm32f4xx.c">
      <Filter>Source files\USER</Filter>
    </ClCompile>
    <ClCompile Include="..\..\..\HARDWARE\LED\led.c">
      <Filter>Source files\HARDWARE</Filter>
    </ClCompile>
    <ClCompile Include="..\..\..\HARDWARE\LCD\lcd.c">
      <Filter>Source files\HARDWARE</Filter>
    </ClCompile>
    <ClCompile Include="..\..\..\HARDWARE\KEY\key.c">
      <Filter>Source files\HARDWARE</Filter>
    </ClCompile>
    <ClCompile Include="..\..\..\CORE\startup_stm32f40_41xxx.s">
      <Filter>Source files\CORE</Filter>
    </ClCompile>
    <ClCompile Include="..\..\..\FWLIB\STM32F4xx_StdPeriph_Driver\src\misc.c">
      <Filter>Source files\FWLIB</Filter>
    </ClCompile>
    <ClCompile Include="..\..\..\FWLIB\STM32F4xx_StdPeriph_Driver\src\stm32f4xx_gpio.c">
      <Filter>Source files\FWLIB</Filter>
    </ClCompile>
    <ClCompile Include="..\..\..\FWLIB\STM32F4xx_StdPeriph_Driver\src\stm32f4xx_rcc.c">
      <Filter>Source files\FWLIB</Filter>
    </ClCompile>
    <ClCompile Include="..\..\..\FWLIB\STM32F4xx_StdPeriph_Driver\src\stm32f4xx_syscfg.c">
      <Filter>Source files\FWLIB</Filter>
    </ClCompile>
    <ClCompile Include="..\..\..\FWLIB\STM32F4xx_StdPeriph_Driver\src\stm32f4xx_usart.c">
      <Filter>Source files\FWLIB</Filter>
    </ClCompile>
    <ClCompile Include="..\..\..\FWLIB\STM32F4xx_StdPeriph_Driver\src\stm32f4xx_fsmc.c">
      <Filter>Source files\FWLIB</Filter>
    </ClCompile>
    <ClCompile Include="..\..\..\FWLIB\STM32F4xx_StdPeriph_Driver\src\stm32f4xx_tim.c">
      <Filter>Source files\FWLIB</Filter>
    </ClCompile>
    <ClCompile Include="..\..\..\SYSTEM\delay\delay.c">
      <Filter>Source files\SYSTEM</Filter>
    </ClCompile>
    <ClCompile Include="..\..\..\SYSTEM\sys\sys.c">
      <Filter>Source files\SYSTEM</Filter>
    </ClCompile>
    <ClCompile Include="..\..\..\SYSTEM\usart\usart.c">
      <Filter>Source files\SYSTEM</Filter>
    </ClCompile>
    <ClCompile Include="..\..\..\UCOSIII\UCOS_BSP\bsp.c">
      <Filter>Source files\UCOSIII_BSP</Filter>
    </ClCompile>
    <ClCompile Include="..\..\..\UCOSIII\uC-CPU\ARM-Cortex-M4\RealView\cpu_c.c">
      <Filter>Source files\UCOSIII_CPU</Filter>
    </ClCompile>
    <ClCompile Include="..\..\..\UCOSIII\uC-CPU\cpu_core.c">
      <Filter>Source files\UCOSIII_CPU</Filter>
    </ClCompile>
    <ClCompile Include="..\..\..\UCOSIII\uC-LIB\lib_ascii.c">
      <Filter>Source files\UCOSIII_LIB</Filter>
    </ClCompile>
    <ClCompile Include="..\..\..\UCOSIII\uC-LIB\lib_math.c">
      <Filter>Source files\UCOSIII_LIB</Filter>
    </ClCompile>
    <ClCompile Include="..\..\..\UCOSIII\uC-LIB\lib_mem.c">
      <Filter>Source files\UCOSIII_LIB</Filter>
    </ClCompile>
    <ClCompile Include="..\..\..\UCOSIII\uC-LIB\lib_str.c">
      <Filter>Source files\UCOSIII_LIB</Filter>
    </ClCompile>
    <ClCompile Include="..\..\..\UCOSIII\uCOS-III\Source\os_cfg_app.c">
      <Filter>Source files\UCOSIII_CORE</Filter>
    </ClCompile>
    <ClCompile Include="..\..\..\UCOSIII\uCOS-III\Source\os_core.c">
      <Filter>Source files\UCOSIII_CORE</Filter>
    </ClCompile>
    <ClCompile Include="..\..\..\UCOSIII\uCOS-III\Source\os_dbg.c">
      <Filter>Source files\UCOSIII_CORE</Filter>
    </ClCompile>
    <ClCompile Include="..\..\..\UCOSIII\uCOS-III\Source\os_flag.c">
      <Filter>Source files\UCOSIII_CORE</Filter>
    </ClCompile>
    <ClCompile Include="..\..\..\UCOSIII\uCOS-III\Source\os_int.c">
      <Filter>Source files\UCOSIII_CORE</Filter>
    </ClCompile>
    <ClCompile Include="..\..\..\UCOSIII\uCOS-III\Source\os_mem.c">
      <Filter>Source files\UCOSIII_CORE</Filter>
    </ClCompile>
    <ClCompile Include="..\..\..\UCOSIII\uCOS-III\Source\os_msg.c">
      <Filter>Source files\UCOSIII_CORE</Filter>
    </ClCompile>
    <ClCompile Include="..\..\..\UCOSIII\uCOS-III\Source\os_mutex.c">
      <Filter>Source files\UCOSIII_CORE</Filter>
    </ClCompile>
    <ClCompile Include="..\..\..\UCOSIII\uCOS-III\Source\os_pend_multi.c">
      <Filter>Source files\UCOSIII_CORE</Filter>
    </ClCompile>
    <ClCompile Include="..\..\..\UCOSIII\uCOS-III\Source\os_prio.c">
      <Filter>Source files\UCOSIII_CORE</Filter>
    </ClCompile>
    <ClCompile Include="..\..\..\UCOSIII\uCOS-III\Source\os_q.c">
      <Filter>Source files\UCOSIII_CORE</Filter>
    </ClCompile>
    <ClCompile Include="..\..\..\UCOSIII\uCOS-III\Source\os_sem.c">
      <Filter>Source files\UCOSIII_CORE</Filter>
    </ClCompile>
    <ClCompile Include="..\..\..\UCOSIII\uCOS-III\Source\os_stat.c">
      <Filter>Source files\UCOSIII_CORE</Filter>
    </ClCompile>
    <ClCompile Include="..\..\..\UCOSIII\uCOS-III\Source\os_task.c">
      <Filter>Source files\UCOSIII_CORE</Filter>
    </ClCompile>
    <ClCompile Include="..\..\..\UCOSIII\uCOS-III\Source\os_tick.c">
      <Filter>Source files\UCOSIII_CORE</Filter>
    </ClCompile>
    <ClCompile Include="..\..\..\UCOSIII\uCOS-III\Source\os_time.c">
      <Filter>Source files\UCOSIII_CORE</Filter>
    </ClCompile>
    <ClCompile Include="..\..\..\UCOSIII\uCOS-III\Source\os_tmr.c">
      <Filter>Source files\UCOSIII_CORE</Filter>
    </ClCompile>
    <ClCompile Include="..\..\..\UCOSIII\uCOS-III\Source\os_var.c">
      <Filter>Source files\UCOSIII_CORE</Filter>
    </ClCompile>
    <ClCompile Include="..\..\..\UCOSIII\uCOS-III\Ports\ARM-Cortex-M4\Generic\RealView\os_cpu_c.c">
      <Filter>Source files\UCOSIII_PORT</Filter>
    </ClCompile>
    <ClCompile Include="..\..\..\UCOSIII\uCOS_CONFIG\os_app_hooks.c">
      <Filter>Source files\UCOSIII_CONFIG</Filter>
    </ClCompile>
    <None Include="mcu.props">
      <Filter>Source files\Device-specific files</Filter>
    </None>
    <ClInclude Include="..\..\..\CORE\core_cm4.h">
      <Filter>Header files\CORE</Filter>
    </ClInclude>
    <ClInclude Include="..\..\..\CORE\core_cm4_simd.h">
      <Filter>Header files\CORE</Filter>
    </ClInclude>
    <ClInclude Include="..\..\..\UCOSIII\uCOS-III\Ports\ARM-Cortex-M4\Generic\RealView\os_cpu.h">
      <Filter>Header files\UCOSIII_PORT</Filter>
    </ClInclude>
    <ClInclude Include="..\..\..\UCOSIII\uCOS_CONFIG\app_cfg.h">
      <Filter>Header files\UCOSIII_CONFIG</Filter>
    </ClInclude>
    <ClInclude Include="..\..\..\UCOSIII\uCOS_CONFIG\cpu_cfg.h">
      <Filter>Header files\UCOSIII_CONFIG</Filter>
    </ClInclude>
    <ClInclude Include="..\..\..\UCOSIII\uCOS_CONFIG\includes.h">
      <Filter>Header files\UCOSIII_CONFIG</Filter>
    </ClInclude>
    <ClInclude Include="..\..\..\UCOSIII\uCOS_CONFIG\lib_cfg.h">
      <Filter>Header files\UCOSIII_CONFIG</Filter>
    </ClInclude>
    <ClInclude Include="..\..\..\UCOSIII\uCOS_CONFIG\os_app_hooks.h">
      <Filter>Header files\UCOSIII_CONFIG</Filter>
    </ClInclude>
    <ClInclude Include="..\..\..\UCOSIII\uCOS_CONFIG\os_cfg.h">
      <Filter>Header files\UCOSIII_CONFIG</Filter>
    </ClInclude>
    <ClInclude Include="..\..\..\UCOSIII\uCOS_CONFIG\os_cfg_app.h">
      <Filter>Header files\UCOSIII_CONFIG</Filter>
    </ClInclude>
    <ClInclude Include="$(BSP_ROOT)\Drivers\CMSIS\Device\ST\STM32F4xx\Include\stm32f4xx.h">
      <Filter>Header files\Device-specific files</Filter>
    </ClInclude>
    <None Include="09_1SoftwareTimer-Debug.vgdbsettings">
      <Filter>VisualGDB settings</Filter>
    </None>
    <None Include="09_1SoftwareTimer-Release.vgdbsettings">
      <Filter>VisualGDB settings</Filter>
    </None>
    <None Include="MCU.xml">
      <Filter>VisualGDB settings</Filter>
    </None>
    <ClCompile Include="..\..\..\UCOSIII\uCOS-III\Ports\ARM-Cortex-M4\Generic\RealView\os_cpu_a.s">
      <Filter>Source files\UCOSIII_PORT</Filter>
    </ClCompile>
    <ClCompile Include="..\..\..\UCOSIII\uC-CPU\ARM-Cortex-M4\RealView\cpu_a.s">
      <Filter>Source files\UCOSIII_CPU</Filter>
    </ClCompile>
    <ClCompile Include="..\..\..\UCOSIII\uC-LIB\Ports\ARM-Cortex-M4\RealView\lib_mem_a.s">
      <Filter>Source files\UCOSIII_LIB</Filter>
    </ClCompile>
    <ClCompile Include="..\..\..\HARDWARE\StandbyGPIO\StandbyGPIO.c">
      <Filter>Source files\HARDWARE</Filter>
    </ClCompile>
  </ItemGroup>
  <ItemGroup>
    <Text Include="..\..\..\readme.txt">
      <Filter>Resource files</Filter>
    </Text>
  </ItemGroup>
  <ItemGroup>
    <None Include="..\..\uC_Probe\09_1SoftwareTimer.wspx" />
  </ItemGroup>
</Project>