
Microsoft Visual Studio Solution File, Format Version 12.00
# Visual Studio Version 16
VisualStudioVersion = 16.0.30225.117
MinimumVisualStudioVersion = 10.0.40219.1
Project("{8BC9CEB8-8B4A-11D0-8D11-00A0C91BC942}") = "10_3UseSemaphoresForTaskSynchronization", "10_3UseSemaphoresForTaskSynchronization\Project\VS\10_3UseSemaphoresForTaskSynchronization\10_3UseSemaphoresForTaskSynchronization.vcxproj", "{BC0DC83F-C34B-4FD6-A3DE-B645E37C2727}"
EndProject
Project("{8BC9CEB8-8B4A-11D0-8D11-00A0C91BC942}") = "11_1MessageQueue", "11_1MessageQueue\Project\VS\11_1MessageQueue\11_1MessageQueue.vcxproj", "{9E3836D0-1C74-4752-BF6D-493B928D2B53}"
EndProject
Project("{8BC9CEB8-8B4A-11D0-8D11-00A0C91BC942}") = "14_1MemoryManagement", "14_1MemoryManagement\Project\VS\14_1MemoryManagement\14_1MemoryManagement.vcxproj", "{E4C672AB-6597-49F6-8954-D5A865DD3056}"
EndProject
Project("{8BC9CEB8-8B4A-11D0-8D11-00A0C91BC942}") = "06_1TaskCreationAndDeletion", "06_1TaskCreationAndDeletion\Project\VS\06_1TaskCreationAndDeletion\06_1TaskCreationAndDeletion.vcxproj", "{79E67232-B646-4B0B-AD8E-818B6849563D}"
EndProject
Project("{8BC9CEB8-8B4A-11D0-8D11-00A0C91BC942}") = "06_2TaskSuspendAndResume", "06_2TaskSuspendAndResume\Project\VS\06_2TaskSuspendAndResume\06_2TaskSuspendAndResume.vcxproj", "{63A5086E-08EF-4BAC-9990-ADF4AA6C13A4}"
EndProject
Project("{8BC9CEB8-8B4A-11D0-8D11-00A0C91BC942}") = "07_1UseIdleTaskHookFunction", "07_1UseIdleTaskHookFunction\Project\VS\07_1UseIdleTaskHookFunction\07_1UseIdleTaskHookFunction.vcxproj", "{DD8BEADC-639F-44D4-B90A-54C09CF992A5}"
EndProject
Project("{2150E333-8FDC-42A3-9474-1A3956D46DE8}") = "Solution Items", "Solution Items", "{B7BB0EB0-908C-42E1-95B4-CF7C62745890}"
	ProjectSection(SolutionItems) = preProject
		..\..\..\嵌入式学习\资料\探索者F4\探索者F4 资料盘(A盘)\3，ALIENTEK探索者STM32F4开发板原理图\Explorer STM32F4_V2.2_SCH.pdf = ..\..\..\嵌入式学习\资料\探索者F4\探索者F4 资料盘(A盘)\3，ALIENTEK探索者STM32F4开发板原理图\Explorer STM32F4_V2.2_SCH.pdf
		..\..\..\嵌入式学习\资料\探索者F4\探索者F4 资料盘(A盘)\8，STM32参考资料\STM32F4xx中文参考手册.pdf = ..\..\..\嵌入式学习\资料\探索者F4\探索者F4 资料盘(A盘)\8，STM32参考资料\STM32F4xx中文参考手册.pdf
		..\..\..\嵌入式学习\资料\野火STM32\1-F429至尊版\A盘（资料盘）\4-开发软件\uC_Probe\第三步 帮助文件\uC-Probe-UsersManual.pdf = ..\..\..\嵌入式学习\资料\野火STM32\1-F429至尊版\A盘（资料盘）\4-开发软件\uC_Probe\第三步 帮助文件\uC-Probe-UsersManual.pdf
	EndProjectSection
EndProject
Project("{8BC9CEB8-8B4A-11D0-8D11-00A0C91BC942}") = "06_3TimeSliceRotationSchedule", "06_3TimeSliceRotationSchedule\Project\VS\06_3TimeSliceRotationSchedule\06_3TimeSliceRotationSchedule.vcxproj", "{7A4B9E8D-D23A-4DE7-A848-D2C2D9F12936}"
EndProject
Project("{8BC9CEB8-8B4A-11D0-8D11-00A0C91BC942}") = "09_1SoftwareTimer", "09_1SoftwareTimer\Project\VS\09_1SoftwareTimer\09_1SoftwareTimer.vcxproj", "{BEA539E7-0FBB-4801-81FB-732B92A76666}"
EndProject
Project("{8BC9CEB8-8B4A-11D0-8D11-00A0C91BC942}") = "F103_10_3UseSemaphoresForTaskSynchronization", "F103_10_3UseSemaphoresForTaskSynchronization\Project\VS\F103_10_3UseSemaphoresForTaskSynchronization\F103_10_3UseSemaphoresForTaskSynchronization.vcxproj", "{28B59B64-55B7-4A16-B337-FA3B9F8DADAB}"
EndProject
Project("{8BC9CEB8-8B4A-11D0-8D11-00A0C91BC942}") = "F103_10_2UseSemaphoresToAccessTheShared", "F103_10_2UseSemaphoresToAccessTheSharedResource\Project\VS\F103_10_2UseSemaphoresToAccessTheShared\F103_10_2UseSemaphoresToAccessTheShared.vcxproj", "{44E3CEDB-2480-4887-87FA-85AC568D8482}"
EndProject
Project("{8BC9CEB8-8B4A-11D0-8D11-00A0C91BC942}") = "F103_10_4PriorityInversion", "F103_10_4PriorityInversion\Project\VS\F103_10_4PriorityInversion\F103_10_4PriorityInversion.vcxproj", "{02FABF0B-B8A8-485C-909A-603DC2579085}"
EndProject
Project("{8BC9CEB8-8B4A-11D0-8D11-00A0C91BC942}") = "F103_10_5MutexSemaphore", "F103_10_5MutexSemaphore\Project\VS\F103_10_5MutexSemaphore\F103_10_5MutexSemaphore.vcxproj", "{D505619C-933A-4DBA-B27B-204F634282D1}"
EndProject
Project("{8BC9CEB8-8B4A-11D0-8D11-00A0C91BC942}") = "F103_10_6TaskSem", "F103_10_6TaskSem\Project\VS\F103_10_6TaskSem\F103_10_6TaskSem.vcxproj", "{5D7C1D49-DF9F-48E2-91FF-944C6C09923B}"
EndProject
Project("{8BC9CEB8-8B4A-11D0-8D11-00A0C91BC942}") = "F103_11_1MessageQueue", "F103_11_1MessageQueue\Project\VS\F103_11_1MessageQueue\F103_11_1MessageQueue.vcxproj", "{40E3E8BF-F897-45A3-8751-D01400656D1A}"
EndProject
Project("{8BC9CEB8-8B4A-11D0-8D11-00A0C91BC942}") = "13_1WaitForMultipleKernelObjects", "13_1WaitForMultipleKernelObjectsSimultaneously\Project\VS\13_1WaitForMultipleKernelObjects\13_1WaitForMultipleKernelObjects.vcxproj", "{2BB173A9-1404-4123-B8B2-3DED930314E4}"
EndProject
Project("{8BC9CEB8-8B4A-11D0-8D11-00A0C91BC942}") = "12_1EventFlagGroup", "12_1EventFlagGroup\Project\VS\12_1EventFlagGroup\12_1EventFlagGroup.vcxproj", "{DA87D4B3-4DEE-4154-BB8E-DCA6BB72C398}"
EndProject
Project("{8BC9CEB8-8B4A-11D0-8D11-00A0C91BC942}") = "10_5MutexSemaphore", "10_5MutexSemaphore\Project\VS\10_5MutexSemaphore\10_5MutexSemaphore.vcxproj", "{C188AB4E-03E5-47A9-8F31-8461AD473714}"
EndProject
Project("{8BC9CEB8-8B4A-11D0-8D11-00A0C91BC942}") = "10_4PriorityInversion", "10_4PriorityInversion\Project\VS\10_4PriorityInversion\10_4PriorityInversion.vcxproj", "{9726FDE0-EEBB-4063-AB63-533D12214081}"
EndProject
Global
	GlobalSection(SolutionConfigurationPlatforms) = preSolution
		Debug|VisualGDB = Debug|VisualGDB
		Release|VisualGDB = Release|VisualGDB
	EndGlobalSection
	GlobalSection(ProjectConfigurationPlatforms) = postSolution
		{BC0DC83F-C34B-4FD6-A3DE-B645E37C2727}.Debug|VisualGDB.ActiveCfg = Debug|VisualGDB
		{BC0DC83F-C34B-4FD6-A3DE-B645E37C2727}.Debug|VisualGDB.Build.0 = Debug|VisualGDB
		{BC0DC83F-C34B-4FD6-A3DE-B645E37C2727}.Release|VisualGDB.ActiveCfg = Release|VisualGDB
		{BC0DC83F-C34B-4FD6-A3DE-B645E37C2727}.Release|VisualGDB.Build.0 = Release|VisualGDB
		{9E3836D0-1C74-4752-BF6D-493B928D2B53}.Debug|VisualGDB.ActiveCfg = Debug|VisualGDB
		{9E3836D0-1C74-4752-BF6D-493B928D2B53}.Debug|VisualGDB.Build.0 = Debug|VisualGDB
		{9E3836D0-1C74-4752-BF6D-493B928D2B53}.Release|VisualGDB.ActiveCfg = Release|VisualGDB
		{9E3836D0-1C74-4752-BF6D-493B928D2B53}.Release|VisualGDB.Build.0 = Release|VisualGDB
		{E4C672AB-6597-49F6-8954-D5A865DD3056}.Debug|VisualGDB.ActiveCfg = Debug|VisualGDB
		{E4C672AB-6597-49F6-8954-D5A865DD3056}.Debug|VisualGDB.Build.0 = Debug|VisualGDB
		{E4C672AB-6597-49F6-8954-D5A865DD3056}.Release|VisualGDB.ActiveCfg = Release|VisualGDB
		{E4C672AB-6597-49F6-8954-D5A865DD3056}.Release|VisualGDB.Build.0 = Release|VisualGDB
		{79E67232-B646-4B0B-AD8E-818B6849563D}.Debug|VisualGDB.ActiveCfg = Debug|VisualGDB
		{79E67232-B646-4B0B-AD8E-818B6849563D}.Debug|VisualGDB.Build.0 = Debug|VisualGDB
		{79E67232-B646-4B0B-AD8E-818B6849563D}.Release|VisualGDB.ActiveCfg = Release|VisualGDB
		{79E67232-B646-4B0B-AD8E-818B6849563D}.Release|VisualGDB.Build.0 = Release|VisualGDB
		{63A5086E-08EF-4BAC-9990-ADF4AA6C13A4}.Debug|VisualGDB.ActiveCfg = Debug|VisualGDB
		{63A5086E-08EF-4BAC-9990-ADF4AA6C13A4}.Debug|VisualGDB.Build.0 = Debug|VisualGDB
		{63A5086E-08EF-4BAC-9990-ADF4AA6C13A4}.Release|VisualGDB.ActiveCfg = Release|VisualGDB
		{63A5086E-08EF-4BAC-9990-ADF4AA6C13A4}.Release|VisualGDB.Build.0 = Release|VisualGDB
		{DD8BEADC-639F-44D4-B90A-54C09CF992A5}.Debug|VisualGDB.ActiveCfg = Debug|VisualGDB
		{DD8BEADC-639F-44D4-B90A-54C09CF992A5}.Debug|VisualGDB.Build.0 = Debug|VisualGDB
		{DD8BEADC-639F-44D4-B90A-54C09CF992A5}.Release|VisualGDB.ActiveCfg = Release|VisualGDB
		{DD8BEADC-639F-44D4-B90A-54C09CF992A5}.Release|VisualGDB.Build.0 = Release|VisualGDB
		{7A4B9E8D-D23A-4DE7-A848-D2C2D9F12936}.Debug|VisualGDB.ActiveCfg = Debug|VisualGDB
		{7A4B9E8D-D23A-4DE7-A848-D2C2D9F12936}.Debug|VisualGDB.Build.0 = Debug|VisualGDB
		{7A4B9E8D-D23A-4DE7-A848-D2C2D9F12936}.Release|VisualGDB.ActiveCfg = Release|VisualGDB
		{7A4B9E8D-D23A-4DE7-A848-D2C2D9F12936}.Release|VisualGDB.Build.0 = Release|VisualGDB
		{BEA539E7-0FBB-4801-81FB-732B92A76666}.Debug|VisualGDB.ActiveCfg = Debug|VisualGDB
		{BEA539E7-0FBB-4801-81FB-732B92A76666}.Debug|VisualGDB.Build.0 = Debug|VisualGDB
		{BEA539E7-0FBB-4801-81FB-732B92A76666}.Release|VisualGDB.ActiveCfg = Release|VisualGDB
		{BEA539E7-0FBB-4801-81FB-732B92A76666}.Release|VisualGDB.Build.0 = Release|VisualGDB
		{28B59B64-55B7-4A16-B337-FA3B9F8DADAB}.Debug|VisualGDB.ActiveCfg = Debug|VisualGDB
		{28B59B64-55B7-4A16-B337-FA3B9F8DADAB}.Debug|VisualGDB.Build.0 = Debug|VisualGDB
		{28B59B64-55B7-4A16-B337-FA3B9F8DADAB}.Release|VisualGDB.ActiveCfg = Release|VisualGDB
		{28B59B64-55B7-4A16-B337-FA3B9F8DADAB}.Release|VisualGDB.Build.0 = Release|VisualGDB
		{44E3CEDB-2480-4887-87FA-85AC568D8482}.Debug|VisualGDB.ActiveCfg = Debug|VisualGDB
		{44E3CEDB-2480-4887-87FA-85AC568D8482}.Debug|VisualGDB.Build.0 = Debug|VisualGDB
		{44E3CEDB-2480-4887-87FA-85AC568D8482}.Release|VisualGDB.ActiveCfg = Release|VisualGDB
		{44E3CEDB-2480-4887-87FA-85AC568D8482}.Release|VisualGDB.Build.0 = Release|VisualGDB
		{02FABF0B-B8A8-485C-909A-603DC2579085}.Debug|VisualGDB.ActiveCfg = Debug|VisualGDB
		{02FABF0B-B8A8-485C-909A-603DC2579085}.Debug|VisualGDB.Build.0 = Debug|VisualGDB
		{02FABF0B-B8A8-485C-909A-603DC2579085}.Release|VisualGDB.ActiveCfg = Release|VisualGDB
		{02FABF0B-B8A8-485C-909A-603DC2579085}.Release|VisualGDB.Build.0 = Release|VisualGDB
		{D505619C-933A-4DBA-B27B-204F634282D1}.Debug|VisualGDB.ActiveCfg = Debug|VisualGDB
		{D505619C-933A-4DBA-B27B-204F634282D1}.Debug|VisualGDB.Build.0 = Debug|VisualGDB
		{D505619C-933A-4DBA-B27B-204F634282D1}.Release|VisualGDB.ActiveCfg = Release|VisualGDB
		{D505619C-933A-4DBA-B27B-204F634282D1}.Release|VisualGDB.Build.0 = Release|VisualGDB
		{5D7C1D49-DF9F-48E2-91FF-944C6C09923B}.Debug|VisualGDB.ActiveCfg = Debug|VisualGDB
		{5D7C1D49-DF9F-48E2-91FF-944C6C09923B}.Debug|VisualGDB.Build.0 = Debug|VisualGDB
		{5D7C1D49-DF9F-48E2-91FF-944C6C09923B}.Release|VisualGDB.ActiveCfg = Release|VisualGDB
		{5D7C1D49-DF9F-48E2-91FF-944C6C09923B}.Release|VisualGDB.Build.0 = Release|VisualGDB
		{40E3E8BF-F897-45A3-8751-D01400656D1A}.Debug|VisualGDB.ActiveCfg = Debug|VisualGDB
		{40E3E8BF-F897-45A3-8751-D01400656D1A}.Debug|VisualGDB.Build.0 = Debug|VisualGDB
		{40E3E8BF-F897-45A3-8751-D01400656D1A}.Release|VisualGDB.ActiveCfg = Release|VisualGDB
		{40E3E8BF-F897-45A3-8751-D01400656D1A}.Release|VisualGDB.Build.0 = Release|VisualGDB
		{2BB173A9-1404-4123-B8B2-3DED930314E4}.Debug|VisualGDB.ActiveCfg = Debug|VisualGDB
		{2BB173A9-1404-4123-B8B2-3DED930314E4}.Debug|VisualGDB.Build.0 = Debug|VisualGDB
		{2BB173A9-1404-4123-B8B2-3DED930314E4}.Release|VisualGDB.ActiveCfg = Release|VisualGDB
		{2BB173A9-1404-4123-B8B2-3DED930314E4}.Release|VisualGDB.Build.0 = Release|VisualGDB
		{DA87D4B3-4DEE-4154-BB8E-DCA6BB72C398}.Debug|VisualGDB.ActiveCfg = Debug|VisualGDB
		{DA87D4B3-4DEE-4154-BB8E-DCA6BB72C398}.Debug|VisualGDB.Build.0 = Debug|VisualGDB
		{DA87D4B3-4DEE-4154-BB8E-DCA6BB72C398}.Release|VisualGDB.ActiveCfg = Release|VisualGDB
		{DA87D4B3-4DEE-4154-BB8E-DCA6BB72C398}.Release|VisualGDB.Build.0 = Release|VisualGDB
		{C188AB4E-03E5-47A9-8F31-8461AD473714}.Debug|VisualGDB.ActiveCfg = Debug|VisualGDB
		{C188AB4E-03E5-47A9-8F31-8461AD473714}.Debug|VisualGDB.Build.0 = Debug|VisualGDB
		{C188AB4E-03E5-47A9-8F31-8461AD473714}.Release|VisualGDB.ActiveCfg = Release|VisualGDB
		{C188AB4E-03E5-47A9-8F31-8461AD473714}.Release|VisualGDB.Build.0 = Release|VisualGDB
		{9726FDE0-EEBB-4063-AB63-533D12214081}.Debug|VisualGDB.ActiveCfg = Debug|VisualGDB
		{9726FDE0-EEBB-4063-AB63-533D12214081}.Debug|VisualGDB.Build.0 = Debug|VisualGDB
		{9726FDE0-EEBB-4063-AB63-533D12214081}.Release|VisualGDB.ActiveCfg = Release|VisualGDB
		{9726FDE0-EEBB-4063-AB63-533D12214081}.Release|VisualGDB.Build.0 = Release|VisualGDB
	EndGlobalSection
	GlobalSection(SolutionProperties) = preSolution
		HideSolutionNode = FALSE
	EndGlobalSection
	GlobalSection(ExtensibilityGlobals) = postSolution
		SolutionGuid = {9BA4A5BC-2DE0-460B-B964-CB3BBC93EF18}
	EndGlobalSection
EndGlobal
