<?xml version="1.0" encoding="utf-8"?>
<Project ToolsVersion="4.0" xmlns="http://schemas.microsoft.com/developer/msbuild/2003">
  <ItemGroup>
    <Filter Include="Source files">
      <UniqueIdentifier>{717d7e06-c859-4e2f-ab7a-7157bcf32fca}</UniqueIdentifier>
      <Extensions>cpp;c;cc;cxx;def;odl;idl;hpj;bat;asm;asmx</Extensions>
    </Filter>
    <Filter Include="Header files">
      <UniqueIdentifier>{8ac9b4af-1dac-4f64-b94a-38191a47f5a0}</UniqueIdentifier>
      <Extensions>h;hpp;hxx;hm;inl;inc;xsd</Extensions>
    </Filter>
    <Filter Include="Resource files">
      <UniqueIdentifier>{21905864-2697-41f6-8696-1ccdac2e27be}</UniqueIdentifier>
      <Extensions>rc;ico;cur;bmp;dlg;rc2;rct;bin;rgs;gif;jpg;jpeg;jpe;resx;tiff;tif;png;wav</Extensions>
    </Filter>
    <Filter Include="Source files\USER">
      <UniqueIdentifier>{ffab566f-6d63-44af-ba3f-2b4663b6faf6}</UniqueIdentifier>
    </Filter>
    <Filter Include="Source files\HARDWARE">
      <UniqueIdentifier>{18ccdf2d-fa85-4605-b77e-12d1ddeeb877}</UniqueIdentifier>
    </Filter>
    <Filter Include="Source files\CORE">
      <UniqueIdentifier>{cc6c76fa-9664-49b9-8464-4f512320d3fe}</UniqueIdentifier>
    </Filter>
    <Filter Include="Source files\FWLIB">
      <UniqueIdentifier>{04eca5af-61b8-4d10-a8b5-9fb52d016eb4}</UniqueIdentifier>
    </Filter>
    <Filter Include="Source files\SYSTEM">
      <UniqueIdentifier>{956a3cb7-4b93-4e52-bf6f-e398a8d002d0}</UniqueIdentifier>
    </Filter>
    <Filter Include="Source files\UCOSIII_BSP">
      <UniqueIdentifier>{0c08cbb0-46c3-4ae4-a900-3b927ec78ee7}</UniqueIdentifier>
    </Filter>
    <Filter Include="Source files\UCOSIII_CPU">
      <UniqueIdentifier>{c2204efc-621c-4c54-aec6-891eb75f1ea2}</UniqueIdentifier>
    </Filter>
    <Filter Include="Source files\UCOSIII_LIB">
      <UniqueIdentifier>{28c0a32a-89f9-4a64-b726-d743b7f90ca9}</UniqueIdentifier>
    </Filter>
    <Filter Include="Source files\UCOSIII_CORE">
      <UniqueIdentifier>{82e78b70-8b72-40b6-b5d2-fadce618a3f1}</UniqueIdentifier>
    </Filter>
    <Filter Include="Source files\UCOSIII_PORT">
      <UniqueIdentifier>{c32ec7e4-bc33-410c-b344-cd805bac6347}</UniqueIdentifier>
    </Filter>
    <Filter Include="Source files\UCOSIII_CONFIG">
      <UniqueIdentifier>{5f2ef7ed-f34f-46f6-b746-87ca87cfdb90}</UniqueIdentifier>
    </Filter>
    <Filter Include="Source files\MALLOC">
      <UniqueIdentifier>{f32f0294-127d-4e43-8a9b-6370f65505b0}</UniqueIdentifier>
    </Filter>
    <Filter Include="Source files\Device-specific files">
      <UniqueIdentifier>{e3fe4859-e3ce-40e2-9315-a83e1528283b}</UniqueIdentifier>
    </Filter>
    <Filter Include="Header files\USER">
      <UniqueIdentifier>{b388da20-4238-46cb-bcef-864dba69aaee}</UniqueIdentifier>
    </Filter>
    <Filter Include="Header files\HARDWARE">
      <UniqueIdentifier>{74694cdb-a2b1-4c71-b1ff-5b0ab720f367}</UniqueIdentifier>
    </Filter>
    <Filter Include="Header files\CORE">
      <UniqueIdentifier>{e33e6354-93f8-46de-a97a-e3903180c41e}</UniqueIdentifier>
    </Filter>
    <Filter Include="Header files\FWLIB">
      <UniqueIdentifier>{6e834f84-5b22-4e2a-b3ef-6db2ccacc18e}</UniqueIdentifier>
    </Filter>
    <Filter Include="Header files\SYSTEM">
      <UniqueIdentifier>{b0fc1346-4ba7-49b5-8396-a7c369833500}</UniqueIdentifier>
    </Filter>
    <Filter Include="Header files\UCOSIII_BSP">
      <UniqueIdentifier>{e5580321-bfe3-49cf-a1d2-90843adbe8e8}</UniqueIdentifier>
    </Filter>
    <Filter Include="Header files\UCOSIII_CPU">
      <UniqueIdentifier>{8a6dcbcc-7f37-461e-a18f-0adc28063ff5}</UniqueIdentifier>
    </Filter>
    <Filter Include="Header files\UCOSIII_LIB">
      <UniqueIdentifier>{dc15a62f-ef8a-44fe-9044-eebb2a655b93}</UniqueIdentifier>
    </Filter>
    <Filter Include="Header files\UCOSIII_CORE">
      <UniqueIdentifier>{0f7c8255-1be8-495d-9581-0f34dd4cb398}</UniqueIdentifier>
    </Filter>
    <Filter Include="Header files\UCOSIII_PORT">
      <UniqueIdentifier>{41462db1-dc93-49d1-b854-804de657d702}</UniqueIdentifier>
    </Filter>
    <Filter Include="Header files\UCOSIII_CONFIG">
      <UniqueIdentifier>{ce478c80-043f-4bc7-a418-cb0dc608dda1}</UniqueIdentifier>
    </Filter>
    <Filter Include="Header files\MALLOC">
      <UniqueIdentifier>{e635eb83-96a6-4140-919d-9e968ce8fbf2}</UniqueIdentifier>
    </Filter>
    <Filter Include="Header files\Device-specific files">
      <UniqueIdentifier>{a5e19bc0-a933-4cc7-9c96-b4804f4e126d}</UniqueIdentifier>
    </Filter>
    <Filter Include="VisualGDB settings">
      <UniqueIdentifier>{9391a84f-ac1c-4071-bb97-83cda800473c}</UniqueIdentifier>
    </Filter>
  </ItemGroup>
  <ItemGroup>
    <ClCompile Include="..\..\..\USER\main.c">
      <Filter>Source files\USER</Filter>
    </ClCompile>
    <ClCompile Include="..\..\..\USER\stm32f4xx_it.c">
      <Filter>Source files\USER</Filter>
    </ClCompile>
    <ClCompile Include="..\..\..\USER\system_stm32f4xx.c">
      <Filter>Source files\USER</Filter>
    </ClCompile>
    <ClCompile Include="..\..\..\HARDWARE\LED\led.c">
      <Filter>Source files\HARDWARE</Filter>
    </ClCompile>
    <ClCompile Include="..\..\..\HARDWARE\LCD\lcd.c">
      <Filter>Source files\HARDWARE</Filter>
    </ClCompile>
    <ClCompile Include="..\..\..\HARDWARE\KEY\key.c">
      <Filter>Source files\HARDWARE</Filter>
    </ClCompile>
    <ClCompile Include="..\..\..\HARDWARE\BEEP\beep.c">
      <Filter>Source files\HARDWARE</Filter>
    </ClCompile>
    <ClCompile Include="..\..\..\HARDWARE\SRAM\sram.c">
      <Filter>Source files\HARDWARE</Filter>
    </ClCompile>
    <ClCompile Include="..\..\..\CORE\startup_stm32f40_41xxx.s">
      <Filter>Source files\CORE</Filter>
    </ClCompile>
    <ClCompile Include="..\..\..\FWLIB\STM32F4xx_StdPeriph_Driver\src\misc.c">
      <Filter>Source files\FWLIB</Filter>
    </ClCompile>
    <ClCompile Include="..\..\..\FWLIB\STM32F4xx_StdPeriph_Driver\src\stm32f4xx_gpio.c">
      <Filter>Source files\FWLIB</Filter>
    </ClCompile>
    <ClCompile Include="..\..\..\FWLIB\STM32F4xx_StdPeriph_Driver\src\stm32f4xx_rcc.c">
      <Filter>Source files\FWLIB</Filter>
    </ClCompile>
    <ClCompile Include="..\..\..\FWLIB\STM32F4xx_StdPeriph_Driver\src\stm32f4xx_syscfg.c">
      <Filter>Source files\FWLIB</Filter>
    </ClCompile>
    <ClCompile Include="..\..\..\FWLIB\STM32F4xx_StdPeriph_Driver\src\stm32f4xx_usart.c">
      <Filter>Source files\FWLIB</Filter>
    </ClCompile>
    <ClCompile Include="..\..\..\FWLIB\STM32F4xx_StdPeriph_Driver\src\stm32f4xx_fsmc.c">
      <Filter>Source files\FWLIB</Filter>
    </ClCompile>
    <ClCompile Include="..\..\..\FWLIB\STM32F4xx_StdPeriph_Driver\src\stm32f4xx_tim.c">
      <Filter>Source files\FWLIB</Filter>
    </ClCompile>
    <ClCompile Include="..\..\..\SYSTEM\delay\delay.c">
      <Filter>Source files\SYSTEM</Filter>
    </ClCompile>
    <ClCompile Include="..\..\..\SYSTEM\sys\sys.c">
      <Filter>Source files\SYSTEM</Filter>
    </ClCompile>
    <ClCompile Include="..\..\..\SYSTEM\usart\usart.c">
      <Filter>Source files\SYSTEM</Filter>
    </ClCompile>
    <ClCompile Include="..\..\..\UCOSIII\UCOS_BSP\bsp.c">
      <Filter>Source files\UCOSIII_BSP</Filter>
    </ClCompile>
    <ClCompile Include="..\..\..\UCOSIII\uC-CPU\ARM-Cortex-M4\RealView\cpu_c.c">
      <Filter>Source files\UCOSIII_CPU</Filter>
    </ClCompile>
    <ClCompile Include="..\..\..\UCOSIII\uC-CPU\cpu_core.c">
      <Filter>Source files\UCOSIII_CPU</Filter>
    </ClCompile>
    <ClCompile Include="..\..\..\UCOSIII\uC-LIB\lib_ascii.c">
      <Filter>Source files\UCOSIII_LIB</Filter>
    </ClCompile>
    <ClCompile Include="..\..\..\UCOSIII\uC-LIB\lib_math.c">
      <Filter>Source files\UCOSIII_LIB</Filter>
    </ClCompile>
    <ClCompile Include="..\..\..\UCOSIII\uC-LIB\lib_mem.c">
      <Filter>Source files\UCOSIII_LIB</Filter>
    </ClCompile>
    <ClCompile Include="..\..\..\UCOSIII\uC-LIB\lib_str.c">
      <Filter>Source files\UCOSIII_LIB</Filter>
    </ClCompile>
    <ClCompile Include="..\..\..\UCOSIII\uCOS-III\Source\os_cfg_app.c">
      <Filter>Source files\UCOSIII_CORE</Filter>
    </ClCompile>
    <ClCompile Include="..\..\..\UCOSIII\uCOS-III\Source\os_core.c">
      <Filter>Source files\UCOSIII_CORE</Filter>
    </ClCompile>
    <ClCompile Include="..\..\..\UCOSIII\uCOS-III\Source\os_dbg.c">
      <Filter>Source files\UCOSIII_CORE</Filter>
    </ClCompile>
    <ClCompile Include="..\..\..\UCOSIII\uCOS-III\Source\os_flag.c">
      <Filter>Source files\UCOSIII_CORE</Filter>
    </ClCompile>
    <ClCompile Include="..\..\..\UCOSIII\uCOS-III\Source\os_int.c">
      <Filter>Source files\UCOSIII_CORE</Filter>
    </ClCompile>
    <ClCompile Include="..\..\..\UCOSIII\uCOS-III\Source\os_mem.c">
      <Filter>Source files\UCOSIII_CORE</Filter>
    </ClCompile>
    <ClCompile Include="..\..\..\UCOSIII\uCOS-III\Source\os_msg.c">
      <Filter>Source files\UCOSIII_CORE</Filter>
    </ClCompile>
    <ClCompile Include="..\..\..\UCOSIII\uCOS-III\Source\os_mutex.c">
      <Filter>Source files\UCOSIII_CORE</Filter>
    </ClCompile>
    <ClCompile Include="..\..\..\UCOSIII\uCOS-III\Source\os_pend_multi.c">
      <Filter>Source files\UCOSIII_CORE</Filter>
    </ClCompile>
    <ClCompile Include="..\..\..\UCOSIII\uCOS-III\Source\os_prio.c">
      <Filter>Source files\UCOSIII_CORE</Filter>
    </ClCompile>
    <ClCompile Include="..\..\..\UCOSIII\uCOS-III\Source\os_q.c">
      <Filter>Source files\UCOSIII_CORE</Filter>
    </ClCompile>
    <ClCompile Include="..\..\..\UCOSIII\uCOS-III\Source\os_sem.c">
      <Filter>Source files\UCOSIII_CORE</Filter>
    </ClCompile>
    <ClCompile Include="..\..\..\UCOSIII\uCOS-III\Source\os_stat.c">
      <Filter>Source files\UCOSIII_CORE</Filter>
    </ClCompile>
    <ClCompile Include="..\..\..\UCOSIII\uCOS-III\Source\os_task.c">
      <Filter>Source files\UCOSIII_CORE</Filter>
    </ClCompile>
    <ClCompile Include="..\..\..\UCOSIII\uCOS-III\Source\os_tick.c">
      <Filter>Source files\UCOSIII_CORE</Filter>
    </ClCompile>
    <ClCompile Include="..\..\..\UCOSIII\uCOS-III\Source\os_time.c">
      <Filter>Source files\UCOSIII_CORE</Filter>
    </ClCompile>
    <ClCompile Include="..\..\..\UCOSIII\uCOS-III\Source\os_tmr.c">
      <Filter>Source files\UCOSIII_CORE</Filter>
    </ClCompile>
    <ClCompile Include="..\..\..\UCOSIII\uCOS-III\Source\os_var.c">
      <Filter>Source files\UCOSIII_CORE</Filter>
    </ClCompile>
    <ClCompile Include="..\..\..\UCOSIII\uCOS-III\Ports\ARM-Cortex-M4\Generic\RealView\os_cpu_c.c">
      <Filter>Source files\UCOSIII_PORT</Filter>
    </ClCompile>
    <ClCompile Include="..\..\..\UCOSIII\uCOS_CONFIG\os_app_hooks.c">
      <Filter>Source files\UCOSIII_CONFIG</Filter>
    </ClCompile>
    <ClCompile Include="..\..\..\MALLOC\malloc.c">
      <Filter>Source files\MALLOC</Filter>
    </ClCompile>
    <None Include="mcu.props">
      <Filter>Source files\Device-specific files</Filter>
    </None>
    <ClInclude Include="..\..\..\CORE\core_cm4.h">
      <Filter>Header files\CORE</Filter>
    </ClInclude>
    <ClInclude Include="..\..\..\CORE\core_cm4_simd.h">
      <Filter>Header files\CORE</Filter>
    </ClInclude>
    <ClInclude Include="..\..\..\UCOSIII\uCOS-III\Ports\ARM-Cortex-M4\Generic\RealView\os_cpu.h">
      <Filter>Header files\UCOSIII_PORT</Filter>
    </ClInclude>
    <ClInclude Include="..\..\..\UCOSIII\uCOS_CONFIG\app_cfg.h">
      <Filter>Header files\UCOSIII_CONFIG</Filter>
    </ClInclude>
    <ClInclude Include="..\..\..\UCOSIII\uCOS_CONFIG\cpu_cfg.h">
      <Filter>Header files\UCOSIII_CONFIG</Filter>
    </ClInclude>
    <ClInclude Include="..\..\..\UCOSIII\uCOS_CONFIG\includes.h">
      <Filter>Header files\UCOSIII_CONFIG</Filter>
    </ClInclude>
    <ClInclude Include="..\..\..\UCOSIII\uCOS_CONFIG\lib_cfg.h">
      <Filter>Header files\UCOSIII_CONFIG</Filter>
    </ClInclude>
    <ClInclude Include="..\..\..\UCOSIII\uCOS_CONFIG\os_app_hooks.h">
      <Filter>Header files\UCOSIII_CONFIG</Filter>
    </ClInclude>
    <ClInclude Include="..\..\..\UCOSIII\uCOS_CONFIG\os_cfg.h">
      <Filter>Header files\UCOSIII_CONFIG</Filter>
    </ClInclude>
    <ClInclude Include="..\..\..\UCOSIII\uCOS_CONFIG\os_cfg_app.h">
      <Filter>Header files\UCOSIII_CONFIG</Filter>
    </ClInclude>
    <ClInclude Include="$(BSP_ROOT)\Drivers\CMSIS\Device\ST\STM32F4xx\Include\stm32f4xx.h">
      <Filter>Header files\Device-specific files</Filter>
    </ClInclude>
    <None Include="11_1MessageQueue-Debug.vgdbsettings">
      <Filter>VisualGDB settings</Filter>
    </None>
    <None Include="11_1MessageQueue-Release.vgdbsettings">
      <Filter>VisualGDB settings</Filter>
    </None>
    <None Include="MCU.xml">
      <Filter>VisualGDB settings</Filter>
    </None>
    <ClCompile Include="..\..\..\UCOSIII\uC-CPU\ARM-Cortex-M4\RealView\cpu_a.s">
      <Filter>Source files\UCOSIII_CPU</Filter>
    </ClCompile>
    <ClCompile Include="..\..\..\UCOSIII\uC-LIB\Ports\ARM-Cortex-M4\RealView\lib_mem_a.s">
      <Filter>Source files\UCOSIII_LIB</Filter>
    </ClCompile>
    <ClCompile Include="..\..\..\UCOSIII\uCOS-III\Ports\ARM-Cortex-M4\Generic\RealView\os_cpu_a.s">
      <Filter>Source files\UCOSIII_PORT</Filter>
    </ClCompile>
    <ClCompile Include="..\..\..\HARDWARE\StandbyGPIO\StandbyGPIO.c">
      <Filter>Source files\HARDWARE</Filter>
    </ClCompile>
  </ItemGroup>
  <ItemGroup>
    <None Include="..\..\..\..\..\..\..\嵌入式学习\资料\探索者F4\ALIENTEK UCOS学习视频\第17讲 UCOSIII消息传递\第17讲 UCOSIII消息传递.ppt">
      <Filter>Resource files</Filter>
    </None>
    <None Include="..\..\..\..\..\..\..\嵌入式学习\资料\探索者F4\ALIENTEK UCOS学习视频\第17讲 UCOSIII消息传递\第17讲 UCOSIII消息传递.rmvb">
      <Filter>Resource files</Filter>
    </None>
    <None Include="..\..\uC_Probe\11_1MessageQueue.wspx" />
    <None Include="..\..\..\11_1MessageQueue 数据库.vsdx">
      <Filter>Resource files</Filter>
    </None>
  </ItemGroup>
  <ItemGroup>
    <Text Include="..\..\..\readme.txt">
      <Filter>Resource files</Filter>
    </Text>
  </ItemGroup>
  <ItemGroup>
    <ClInclude Include="..\..\..\HARDWARE\BEEP\beep.h">
      <Filter>Header files</Filter>
    </ClInclude>
    <ClInclude Include="..\..\..\UCOSIII\UCOS_BSP\bsp.h">
      <Filter>Header files</Filter>
    </ClInclude>
    <ClInclude Include="C:\Program Files (x86)\Sysprogs\VisualGDB\builtins_ia32.h">
      <Filter>Header files</Filter>
    </ClInclude>
    <ClInclude Include="..\..\..\CORE\core_cmFunc.h">
      <Filter>Header files</Filter>
    </ClInclude>
    <ClInclude Include="..\..\..\CORE\core_cmInstr.h">
      <Filter>Header files</Filter>
    </ClInclude>
    <ClInclude Include="..\..\..\UCOSIII\uC-CPU\ARM-Cortex-M4\RealView\cpu.h">
      <Filter>Header files</Filter>
    </ClInclude>
    <ClInclude Include="..\..\..\UCOSIII\uC-CPU\cpu_core.h">
      <Filter>Header files</Filter>
    </ClInclude>
    <ClInclude Include="..\..\..\UCOSIII\uC-CPU\cpu_def.h">
      <Filter>Header files</Filter>
    </ClInclude>
    <ClInclude Include="..\..\..\SYSTEM\delay\delay.h">
      <Filter>Header files</Filter>
    </ClInclude>
    <ClInclude Include="..\..\..\HARDWARE\LCD\FONT.H">
      <Filter>Header files</Filter>
    </ClInclude>
    <ClInclude Include="C:\Program Files (x86)\Sysprogs\VisualGDB\gcc_compat.h">
      <Filter>Header files</Filter>
    </ClInclude>
    <ClInclude Include="..\..\..\HARDWARE\KEY\key.h">
      <Filter>Header files</Filter>
    </ClInclude>
    <ClInclude Include="..\..\..\HARDWARE\LCD\lcd.h">
      <Filter>Header files</Filter>
    </ClInclude>
    <ClInclude Include="..\..\..\HARDWARE\LED\led.h">
      <Filter>Header files</Filter>
    </ClInclude>
    <ClInclude Include="..\..\..\UCOSIII\uC-LIB\lib_ascii.h">
      <Filter>Header files</Filter>
    </ClInclude>
    <ClInclude Include="..\..\..\UCOSIII\uC-LIB\lib_def.h">
      <Filter>Header files</Filter>
    </ClInclude>
    <ClInclude Include="..\..\..\UCOSIII\uC-LIB\lib_math.h">
      <Filter>Header files</Filter>
    </ClInclude>
    <ClInclude Include="..\..\..\UCOSIII\uC-LIB\lib_mem.h">
      <Filter>Header files</Filter>
    </ClInclude>
    <ClInclude Include="..\..\..\UCOSIII\uC-LIB\lib_str.h">
      <Filter>Header files</Filter>
    </ClInclude>
    <ClInclude Include="..\..\..\MALLOC\malloc.h">
      <Filter>Header files</Filter>
    </ClInclude>
    <ClInclude Include="..\..\..\FWLIB\STM32F4xx_StdPeriph_Driver\inc\misc.h">
      <Filter>Header files</Filter>
    </ClInclude>
    <ClInclude Include="..\..\..\UCOSIII\uCOS-III\Source\os.h">
      <Filter>Header files</Filter>
    </ClInclude>
    <ClInclude Include="..\..\..\UCOSIII\uCOS-III\Source\os_type.h">
      <Filter>Header files</Filter>
    </ClInclude>
    <ClInclude Include="..\..\..\HARDWARE\SRAM\sram.h">
      <Filter>Header files</Filter>
    </ClInclude>
    <ClInclude Include="..\..\..\HARDWARE\StandbyGPIO\StandbyGPIO.h">
      <Filter>Header files</Filter>
    </ClInclude>
    <ClInclude Include="G:\MDK\ARM\ARMCC\include\stdlib.h">
      <Filter>Header files</Filter>
    </ClInclude>
    <ClInclude Include="..\..\..\USER\stm32f4xx.h">
      <Filter>Header files</Filter>
    </ClInclude>
    <ClInclude Include="..\..\..\FWLIB\STM32F4xx_StdPeriph_Driver\inc\stm32f4xx_adc.h">
      <Filter>Header files</Filter>
    </ClInclude>
    <ClInclude Include="..\..\..\FWLIB\STM32F4xx_StdPeriph_Driver\inc\stm32f4xx_can.h">
      <Filter>Header files</Filter>
    </ClInclude>
    <ClInclude Include="..\..\..\USER\stm32f4xx_conf.h">
      <Filter>Header files</Filter>
    </ClInclude>
    <ClInclude Include="..\..\..\FWLIB\STM32F4xx_StdPeriph_Driver\inc\stm32f4xx_crc.h">
      <Filter>Header files</Filter>
    </ClInclude>
    <ClInclude Include="..\..\..\FWLIB\STM32F4xx_StdPeriph_Driver\inc\stm32f4xx_cryp.h">
      <Filter>Header files</Filter>
    </ClInclude>
    <ClInclude Include="..\..\..\FWLIB\STM32F4xx_StdPeriph_Driver\inc\stm32f4xx_dac.h">
      <Filter>Header files</Filter>
    </ClInclude>
    <ClInclude Include="..\..\..\FWLIB\STM32F4xx_StdPeriph_Driver\inc\stm32f4xx_dbgmcu.h">
      <Filter>Header files</Filter>
    </ClInclude>
    <ClInclude Include="..\..\..\FWLIB\STM32F4xx_StdPeriph_Driver\inc\stm32f4xx_dcmi.h">
      <Filter>Header files</Filter>
    </ClInclude>
    <ClInclude Include="..\..\..\FWLIB\STM32F4xx_StdPeriph_Driver\inc\stm32f4xx_dma.h">
      <Filter>Header files</Filter>
    </ClInclude>
    <ClInclude Include="..\..\..\FWLIB\STM32F4xx_StdPeriph_Driver\inc\stm32f4xx_dma2d.h">
      <Filter>Header files</Filter>
    </ClInclude>
    <ClInclude Include="..\..\..\FWLIB\STM32F4xx_StdPeriph_Driver\inc\stm32f4xx_exti.h">
      <Filter>Header files</Filter>
    </ClInclude>
    <ClInclude Include="..\..\..\FWLIB\STM32F4xx_StdPeriph_Driver\inc\stm32f4xx_flash.h">
      <Filter>Header files</Filter>
    </ClInclude>
    <ClInclude Include="..\..\..\FWLIB\STM32F4xx_StdPeriph_Driver\inc\stm32f4xx_flash_ramfunc.h">
      <Filter>Header files</Filter>
    </ClInclude>
    <ClInclude Include="..\..\..\FWLIB\STM32F4xx_StdPeriph_Driver\inc\stm32f4xx_fmc.h">
      <Filter>Header files</Filter>
    </ClInclude>
    <ClInclude Include="..\..\..\FWLIB\STM32F4xx_StdPeriph_Driver\inc\stm32f4xx_fsmc.h">
      <Filter>Header files</Filter>
    </ClInclude>
    <ClInclude Include="..\..\..\FWLIB\STM32F4xx_StdPeriph_Driver\inc\stm32f4xx_gpio.h">
      <Filter>Header files</Filter>
    </ClInclude>
    <ClInclude Include="..\..\..\FWLIB\STM32F4xx_StdPeriph_Driver\inc\stm32f4xx_hash.h">
      <Filter>Header files</Filter>
    </ClInclude>
    <ClInclude Include="..\..\..\FWLIB\STM32F4xx_StdPeriph_Driver\inc\stm32f4xx_i2c.h">
      <Filter>Header files</Filter>
    </ClInclude>
    <ClInclude Include="..\..\..\USER\stm32f4xx_it.h">
      <Filter>Header files</Filter>
    </ClInclude>
    <ClInclude Include="..\..\..\FWLIB\STM32F4xx_StdPeriph_Driver\inc\stm32f4xx_iwdg.h">
      <Filter>Header files</Filter>
    </ClInclude>
    <ClInclude Include="..\..\..\FWLIB\STM32F4xx_StdPeriph_Driver\inc\stm32f4xx_ltdc.h">
      <Filter>Header files</Filter>
    </ClInclude>
    <ClInclude Include="..\..\..\FWLIB\STM32F4xx_StdPeriph_Driver\inc\stm32f4xx_pwr.h">
      <Filter>Header files</Filter>
    </ClInclude>
    <ClInclude Include="..\..\..\FWLIB\STM32F4xx_StdPeriph_Driver\inc\stm32f4xx_rcc.h">
      <Filter>Header files</Filter>
    </ClInclude>
    <ClInclude Include="..\..\..\FWLIB\STM32F4xx_StdPeriph_Driver\inc\stm32f4xx_rng.h">
      <Filter>Header files</Filter>
    </ClInclude>
    <ClInclude Include="..\..\..\FWLIB\STM32F4xx_StdPeriph_Driver\inc\stm32f4xx_rtc.h">
      <Filter>Header files</Filter>
    </ClInclude>
    <ClInclude Include="..\..\..\FWLIB\STM32F4xx_StdPeriph_Driver\inc\stm32f4xx_sai.h">
      <Filter>Header files</Filter>
    </ClInclude>
    <ClInclude Include="..\..\..\FWLIB\STM32F4xx_StdPeriph_Driver\inc\stm32f4xx_sdio.h">
      <Filter>Header files</Filter>
    </ClInclude>
    <ClInclude Include="..\..\..\FWLIB\STM32F4xx_StdPeriph_Driver\inc\stm32f4xx_spi.h">
      <Filter>Header files</Filter>
    </ClInclude>
    <ClInclude Include="..\..\..\FWLIB\STM32F4xx_StdPeriph_Driver\inc\stm32f4xx_syscfg.h">
      <Filter>Header files</Filter>
    </ClInclude>
    <ClInclude Include="..\..\..\FWLIB\STM32F4xx_StdPeriph_Driver\inc\stm32f4xx_tim.h">
      <Filter>Header files</Filter>
    </ClInclude>
    <ClInclude Include="..\..\..\FWLIB\STM32F4xx_StdPeriph_Driver\inc\stm32f4xx_usart.h">
      <Filter>Header files</Filter>
    </ClInclude>
    <ClInclude Include="..\..\..\FWLIB\STM32F4xx_StdPeriph_Driver\inc\stm32f4xx_wwdg.h">
      <Filter>Header files</Filter>
    </ClInclude>
    <ClInclude Include="..\..\..\SYSTEM\sys\sys.h">
      <Filter>Header files</Filter>
    </ClInclude>
    <ClInclude Include="..\..\..\USER\system_stm32f4xx.h">
      <Filter>Header files</Filter>
    </ClInclude>
    <ClInclude Include="..\..\..\SYSTEM\usart\usart.h">
      <Filter>Header files</Filter>
    </ClInclude>
  </ItemGroup>
</Project>