<?xml version="1.0" encoding="utf-8"?>
<Project ToolsVersion="4.0" xmlns="http://schemas.microsoft.com/developer/msbuild/2003">
  <ItemGroup>
    <Filter Include="Source files">
      <UniqueIdentifier>{32561230-d266-4ba9-9b3c-dec4366cb5d3}</UniqueIdentifier>
      <Extensions>cpp;c;cc;cxx;def;odl;idl;hpj;bat;asm;asmx</Extensions>
    </Filter>
    <Filter Include="Header files">
      <UniqueIdentifier>{1dc645aa-f8cb-4b94-9913-a64cd11871d5}</UniqueIdentifier>
      <Extensions>h;hpp;hxx;hm;inl;inc;xsd</Extensions>
    </Filter>
    <Filter Include="Resource files">
      <UniqueIdentifier>{fea78426-ec31-4a37-9ed6-2a5091cf7c17}</UniqueIdentifier>
      <Extensions>rc;ico;cur;bmp;dlg;rc2;rct;bin;rgs;gif;jpg;jpeg;jpe;resx;tiff;tif;png;wav</Extensions>
    </Filter>
    <Filter Include="Source files\USER">
      <UniqueIdentifier>{abeef1ec-5743-4c2b-a088-4052aa3135ca}</UniqueIdentifier>
    </Filter>
    <Filter Include="Source files\HARDWARE">
      <UniqueIdentifier>{5f3fb050-c97a-4435-938d-c86293eedbf9}</UniqueIdentifier>
    </Filter>
    <Filter Include="Source files\CORE">
      <UniqueIdentifier>{43d48505-12da-44a3-9115-1fdbb14dc3f0}</UniqueIdentifier>
    </Filter>
    <Filter Include="Source files\FWLIB">
      <UniqueIdentifier>{0287049d-cca8-4a59-ab3b-450c57537f0d}</UniqueIdentifier>
    </Filter>
    <Filter Include="Source files\SYSTEM">
      <UniqueIdentifier>{b2bb0196-a48d-4189-8890-a099d1ffd60d}</UniqueIdentifier>
    </Filter>
    <Filter Include="Source files\UCOSIII_BSP">
      <UniqueIdentifier>{ec6dfe04-5cd9-417e-a652-0ddcdf43ad8f}</UniqueIdentifier>
    </Filter>
    <Filter Include="Source files\UCOSIII_CPU">
      <UniqueIdentifier>{6ad8a1d4-7930-492e-bad3-c01eacf810bf}</UniqueIdentifier>
    </Filter>
    <Filter Include="Source files\UCOSIII_LIB">
      <UniqueIdentifier>{8ac280d4-f6f4-4860-acb7-eb8eb8276d3d}</UniqueIdentifier>
    </Filter>
    <Filter Include="Source files\UCOSIII_CORE">
      <UniqueIdentifier>{08dc4606-bd2d-4df0-94f7-8801b826dd22}</UniqueIdentifier>
    </Filter>
    <Filter Include="Source files\UCOSIII_PORT">
      <UniqueIdentifier>{5d1f2be6-e7f4-46a7-83f8-5b73d817e635}</UniqueIdentifier>
    </Filter>
    <Filter Include="Source files\UCOSIII_CONFIG">
      <UniqueIdentifier>{5adf100f-d596-46ae-8f9f-1580406b76cc}</UniqueIdentifier>
    </Filter>
    <Filter Include="Source files\Device-specific files">
      <UniqueIdentifier>{a7106fdf-c347-4471-b460-87502bc37c9c}</UniqueIdentifier>
    </Filter>
    <Filter Include="Header files\USER">
      <UniqueIdentifier>{6319eec8-14b8-4264-a463-ada1102ab06e}</UniqueIdentifier>
    </Filter>
    <Filter Include="Header files\HARDWARE">
      <UniqueIdentifier>{5d782be9-bc12-42ca-aa8b-aec1b8f0d8f4}</UniqueIdentifier>
    </Filter>
    <Filter Include="Header files\CORE">
      <UniqueIdentifier>{16bb8af6-8664-4acc-bd2f-81b3c1050792}</UniqueIdentifier>
    </Filter>
    <Filter Include="Header files\FWLIB">
      <UniqueIdentifier>{5aeb3f3f-711c-43b3-aaff-86ecff900851}</UniqueIdentifier>
    </Filter>
    <Filter Include="Header files\SYSTEM">
      <UniqueIdentifier>{aae7d7e4-f50c-41fb-b451-f5a9fa44a696}</UniqueIdentifier>
    </Filter>
    <Filter Include="Header files\UCOSIII_BSP">
      <UniqueIdentifier>{d4922aaf-a28a-4dcb-9217-cff6858b8233}</UniqueIdentifier>
    </Filter>
    <Filter Include="Header files\UCOSIII_CPU">
      <UniqueIdentifier>{1ffd9c6e-03ac-4c95-b897-f79045198323}</UniqueIdentifier>
    </Filter>
    <Filter Include="Header files\UCOSIII_LIB">
      <UniqueIdentifier>{515213ce-3703-4149-993a-53c855e1d598}</UniqueIdentifier>
    </Filter>
    <Filter Include="Header files\UCOSIII_CORE">
      <UniqueIdentifier>{83b49544-3ad4-4155-b0df-d9e1a445b667}</UniqueIdentifier>
    </Filter>
    <Filter Include="Header files\UCOSIII_PORT">
      <UniqueIdentifier>{a46761b7-7057-4334-b7d0-7400c8b58696}</UniqueIdentifier>
    </Filter>
    <Filter Include="Header files\UCOSIII_CONFIG">
      <UniqueIdentifier>{9dea6875-0a39-46ec-8cc5-4879d9f71cab}</UniqueIdentifier>
    </Filter>
    <Filter Include="Header files\Device-specific files">
      <UniqueIdentifier>{c96db07b-6e04-4707-8b68-832ba99ac5b1}</UniqueIdentifier>
    </Filter>
    <Filter Include="VisualGDB settings">
      <UniqueIdentifier>{e9bb3797-5be3-4c70-9228-34d7c0dffcc6}</UniqueIdentifier>
    </Filter>
  </ItemGroup>
  <ItemGroup>
    <ClCompile Include="..\..\..\USER\main.c">
      <Filter>Source files\USER</Filter>
    </ClCompile>
    <ClCompile Include="..\..\..\USER\stm32f4xx_it.c">
      <Filter>Source files\USER</Filter>
    </ClCompile>
    <ClCompile Include="..\..\..\USER\system_stm32f4xx.c">
      <Filter>Source files\USER</Filter>
    </ClCompile>
    <ClCompile Include="..\..\..\HARDWARE\LED\led.c">
      <Filter>Source files\HARDWARE</Filter>
    </ClCompile>
    <ClCompile Include="..\..\..\HARDWARE\LCD\lcd.c">
      <Filter>Source files\HARDWARE</Filter>
    </ClCompile>
    <ClCompile Include="..\..\..\CORE\startup_stm32f40_41xxx.s">
      <Filter>Source files\CORE</Filter>
    </ClCompile>
    <ClCompile Include="..\..\..\FWLIB\STM32F4xx_StdPeriph_Driver\src\misc.c">
      <Filter>Source files\FWLIB</Filter>
    </ClCompile>
    <ClCompile Include="..\..\..\FWLIB\STM32F4xx_StdPeriph_Driver\src\stm32f4xx_gpio.c">
      <Filter>Source files\FWLIB</Filter>
    </ClCompile>
    <ClCompile Include="..\..\..\FWLIB\STM32F4xx_StdPeriph_Driver\src\stm32f4xx_rcc.c">
      <Filter>Source files\FWLIB</Filter>
    </ClCompile>
    <ClCompile Include="..\..\..\FWLIB\STM32F4xx_StdPeriph_Driver\src\stm32f4xx_syscfg.c">
      <Filter>Source files\FWLIB</Filter>
    </ClCompile>
    <ClCompile Include="..\..\..\FWLIB\STM32F4xx_StdPeriph_Driver\src\stm32f4xx_usart.c">
      <Filter>Source files\FWLIB</Filter>
    </ClCompile>
    <ClCompile Include="..\..\..\FWLIB\STM32F4xx_StdPeriph_Driver\src\stm32f4xx_fsmc.c">
      <Filter>Source files\FWLIB</Filter>
    </ClCompile>
    <ClCompile Include="..\..\..\FWLIB\STM32F4xx_StdPeriph_Driver\src\stm32f4xx_tim.c">
      <Filter>Source files\FWLIB</Filter>
    </ClCompile>
    <ClCompile Include="..\..\..\SYSTEM\delay\delay.c">
      <Filter>Source files\SYSTEM</Filter>
    </ClCompile>
    <ClCompile Include="..\..\..\SYSTEM\sys\sys.c">
      <Filter>Source files\SYSTEM</Filter>
    </ClCompile>
    <ClCompile Include="..\..\..\SYSTEM\usart\usart.c">
      <Filter>Source files\SYSTEM</Filter>
    </ClCompile>
    <ClCompile Include="..\..\..\UCOSIII\UCOS_BSP\bsp.c">
      <Filter>Source files\UCOSIII_BSP</Filter>
    </ClCompile>
    <ClCompile Include="..\..\..\UCOSIII\uC-CPU\ARM-Cortex-M4\RealView\cpu_c.c">
      <Filter>Source files\UCOSIII_CPU</Filter>
    </ClCompile>
    <ClCompile Include="..\..\..\UCOSIII\uC-CPU\cpu_core.c">
      <Filter>Source files\UCOSIII_CPU</Filter>
    </ClCompile>
    <ClCompile Include="..\..\..\UCOSIII\uC-LIB\lib_ascii.c">
      <Filter>Source files\UCOSIII_LIB</Filter>
    </ClCompile>
    <ClCompile Include="..\..\..\UCOSIII\uC-LIB\lib_math.c">
      <Filter>Source files\UCOSIII_LIB</Filter>
    </ClCompile>
    <ClCompile Include="..\..\..\UCOSIII\uC-LIB\lib_mem.c">
      <Filter>Source files\UCOSIII_LIB</Filter>
    </ClCompile>
    <ClCompile Include="..\..\..\UCOSIII\uC-LIB\lib_str.c">
      <Filter>Source files\UCOSIII_LIB</Filter>
    </ClCompile>
    <ClCompile Include="..\..\..\UCOSIII\uCOS-III\Source\os_cfg_app.c">
      <Filter>Source files\UCOSIII_CORE</Filter>
    </ClCompile>
    <ClCompile Include="..\..\..\UCOSIII\uCOS-III\Source\os_core.c">
      <Filter>Source files\UCOSIII_CORE</Filter>
    </ClCompile>
    <ClCompile Include="..\..\..\UCOSIII\uCOS-III\Source\os_dbg.c">
      <Filter>Source files\UCOSIII_CORE</Filter>
    </ClCompile>
    <ClCompile Include="..\..\..\UCOSIII\uCOS-III\Source\os_flag.c">
      <Filter>Source files\UCOSIII_CORE</Filter>
    </ClCompile>
    <ClCompile Include="..\..\..\UCOSIII\uCOS-III\Source\os_int.c">
      <Filter>Source files\UCOSIII_CORE</Filter>
    </ClCompile>
    <ClCompile Include="..\..\..\UCOSIII\uCOS-III\Source\os_mem.c">
      <Filter>Source files\UCOSIII_CORE</Filter>
    </ClCompile>
    <ClCompile Include="..\..\..\UCOSIII\uCOS-III\Source\os_msg.c">
      <Filter>Source files\UCOSIII_CORE</Filter>
    </ClCompile>
    <ClCompile Include="..\..\..\UCOSIII\uCOS-III\Source\os_mutex.c">
      <Filter>Source files\UCOSIII_CORE</Filter>
    </ClCompile>
    <ClCompile Include="..\..\..\UCOSIII\uCOS-III\Source\os_pend_multi.c">
      <Filter>Source files\UCOSIII_CORE</Filter>
    </ClCompile>
    <ClCompile Include="..\..\..\UCOSIII\uCOS-III\Source\os_prio.c">
      <Filter>Source files\UCOSIII_CORE</Filter>
    </ClCompile>
    <ClCompile Include="..\..\..\UCOSIII\uCOS-III\Source\os_q.c">
      <Filter>Source files\UCOSIII_CORE</Filter>
    </ClCompile>
    <ClCompile Include="..\..\..\UCOSIII\uCOS-III\Source\os_sem.c">
      <Filter>Source files\UCOSIII_CORE</Filter>
    </ClCompile>
    <ClCompile Include="..\..\..\UCOSIII\uCOS-III\Source\os_stat.c">
      <Filter>Source files\UCOSIII_CORE</Filter>
    </ClCompile>
    <ClCompile Include="..\..\..\UCOSIII\uCOS-III\Source\os_task.c">
      <Filter>Source files\UCOSIII_CORE</Filter>
    </ClCompile>
    <ClCompile Include="..\..\..\UCOSIII\uCOS-III\Source\os_tick.c">
      <Filter>Source files\UCOSIII_CORE</Filter>
    </ClCompile>
    <ClCompile Include="..\..\..\UCOSIII\uCOS-III\Source\os_time.c">
      <Filter>Source files\UCOSIII_CORE</Filter>
    </ClCompile>
    <ClCompile Include="..\..\..\UCOSIII\uCOS-III\Source\os_tmr.c">
      <Filter>Source files\UCOSIII_CORE</Filter>
    </ClCompile>
    <ClCompile Include="..\..\..\UCOSIII\uCOS-III\Source\os_var.c">
      <Filter>Source files\UCOSIII_CORE</Filter>
    </ClCompile>
    <ClCompile Include="..\..\..\UCOSIII\uCOS-III\Ports\ARM-Cortex-M4\Generic\RealView\os_cpu_c.c">
      <Filter>Source files\UCOSIII_PORT</Filter>
    </ClCompile>
    <ClCompile Include="..\..\..\UCOSIII\uCOS_CONFIG\os_app_hooks.c">
      <Filter>Source files\UCOSIII_CONFIG</Filter>
    </ClCompile>
    <None Include="mcu.props">
      <Filter>Source files\Device-specific files</Filter>
    </None>
    <ClInclude Include="..\..\..\CORE\core_cm4.h">
      <Filter>Header files\CORE</Filter>
    </ClInclude>
    <ClInclude Include="..\..\..\CORE\core_cm4_simd.h">
      <Filter>Header files\CORE</Filter>
    </ClInclude>
    <ClInclude Include="..\..\..\UCOSIII\uCOS-III\Ports\ARM-Cortex-M4\Generic\RealView\os_cpu.h">
      <Filter>Header files\UCOSIII_PORT</Filter>
    </ClInclude>
    <ClInclude Include="..\..\..\UCOSIII\uCOS_CONFIG\app_cfg.h">
      <Filter>Header files\UCOSIII_CONFIG</Filter>
    </ClInclude>
    <ClInclude Include="..\..\..\UCOSIII\uCOS_CONFIG\cpu_cfg.h">
      <Filter>Header files\UCOSIII_CONFIG</Filter>
    </ClInclude>
    <ClInclude Include="..\..\..\UCOSIII\uCOS_CONFIG\includes.h">
      <Filter>Header files\UCOSIII_CONFIG</Filter>
    </ClInclude>
    <ClInclude Include="..\..\..\UCOSIII\uCOS_CONFIG\lib_cfg.h">
      <Filter>Header files\UCOSIII_CONFIG</Filter>
    </ClInclude>
    <ClInclude Include="..\..\..\UCOSIII\uCOS_CONFIG\os_app_hooks.h">
      <Filter>Header files\UCOSIII_CONFIG</Filter>
    </ClInclude>
    <ClInclude Include="..\..\..\UCOSIII\uCOS_CONFIG\os_cfg.h">
      <Filter>Header files\UCOSIII_CONFIG</Filter>
    </ClInclude>
    <ClInclude Include="..\..\..\UCOSIII\uCOS_CONFIG\os_cfg_app.h">
      <Filter>Header files\UCOSIII_CONFIG</Filter>
    </ClInclude>
    <ClInclude Include="$(BSP_ROOT)\Drivers\CMSIS\Device\ST\STM32F4xx\Include\stm32f4xx.h">
      <Filter>Header files\Device-specific files</Filter>
    </ClInclude>
    <None Include="06_2TaskSuspendAndResume-Debug.vgdbsettings">
      <Filter>VisualGDB settings</Filter>
    </None>
    <None Include="06_2TaskSuspendAndResume-Release.vgdbsettings">
      <Filter>VisualGDB settings</Filter>
    </None>
    <None Include="MCU.xml">
      <Filter>VisualGDB settings</Filter>
    </None>
    <ClCompile Include="..\..\..\UCOSIII\uCOS-III\Ports\ARM-Cortex-M4\Generic\RealView\os_cpu_a.s">
      <Filter>Source files\UCOSIII_PORT</Filter>
    </ClCompile>
    <ClCompile Include="..\..\..\UCOSIII\uC-CPU\ARM-Cortex-M4\RealView\cpu_a.s">
      <Filter>Source files\UCOSIII_CPU</Filter>
    </ClCompile>
    <ClCompile Include="..\..\..\UCOSIII\uC-LIB\Ports\ARM-Cortex-M4\RealView\lib_mem_a.s">
      <Filter>Source files\UCOSIII_LIB</Filter>
    </ClCompile>
  </ItemGroup>
</Project>