<?xml version="1.0" encoding="utf-8"?>
<Project ToolsVersion="4.0" xmlns="http://schemas.microsoft.com/developer/msbuild/2003">
  <ItemGroup>
    <Filter Include="Source files">
      <UniqueIdentifier>{f3da2924-ac69-42a1-a2ef-cae321a93a10}</UniqueIdentifier>
      <Extensions>cpp;c;cc;cxx;def;odl;idl;hpj;bat;asm;asmx</Extensions>
    </Filter>
    <Filter Include="Header files">
      <UniqueIdentifier>{59050003-cee0-4599-897b-aa043bea3f4b}</UniqueIdentifier>
      <Extensions>h;hpp;hxx;hm;inl;inc;xsd</Extensions>
    </Filter>
    <Filter Include="Resource files">
      <UniqueIdentifier>{ae9aa32a-19db-48d0-821a-3d6a9ad08087}</UniqueIdentifier>
      <Extensions>rc;ico;cur;bmp;dlg;rc2;rct;bin;rgs;gif;jpg;jpeg;jpe;resx;tiff;tif;png;wav</Extensions>
    </Filter>
    <Filter Include="Source files\USER">
      <UniqueIdentifier>{030e123c-5c81-4ee6-8a4d-185bfec89ae5}</UniqueIdentifier>
    </Filter>
    <Filter Include="Source files\HARDWARE">
      <UniqueIdentifier>{f07d0be0-3e1c-4938-a59f-554cf9516dab}</UniqueIdentifier>
    </Filter>
    <Filter Include="Source files\SYSTEM">
      <UniqueIdentifier>{cf0f5695-3250-4366-b5ff-0e88d6d35d9b}</UniqueIdentifier>
    </Filter>
    <Filter Include="Source files\CORE">
      <UniqueIdentifier>{f7aa8855-5c99-4cca-a1c3-79b8b3585d0c}</UniqueIdentifier>
    </Filter>
    <Filter Include="Source files\FWLIB">
      <UniqueIdentifier>{d1397450-b15a-4ef1-bee4-6c4ca46b55e0}</UniqueIdentifier>
    </Filter>
    <Filter Include="Source files\UCOSIII-BSP">
      <UniqueIdentifier>{c490d47b-e498-49c7-b624-267811a544af}</UniqueIdentifier>
    </Filter>
    <Filter Include="Source files\UCOSIII_CPU">
      <UniqueIdentifier>{bdbd42cd-f7c9-4ba2-ae68-d6f192c71a1e}</UniqueIdentifier>
    </Filter>
    <Filter Include="Source files\UCOSIII_LIB">
      <UniqueIdentifier>{940b3f13-6d52-46a4-87e3-6c61de4a4a9f}</UniqueIdentifier>
    </Filter>
    <Filter Include="Source files\UCOSIII_CORE">
      <UniqueIdentifier>{b30a9c33-3118-46e6-a73c-87c1ec2aa78b}</UniqueIdentifier>
    </Filter>
    <Filter Include="Source files\UCOSIII_PORT">
      <UniqueIdentifier>{e74c5489-58af-4507-8fb0-be719529146a}</UniqueIdentifier>
    </Filter>
    <Filter Include="Source files\UCOSIII_CONFIG">
      <UniqueIdentifier>{870cd19c-2dd0-4a49-831a-a8e8c92d46d0}</UniqueIdentifier>
    </Filter>
    <Filter Include="Source files\Device-specific files">
      <UniqueIdentifier>{ad2580db-9cd0-4f4e-acea-627306e39f98}</UniqueIdentifier>
    </Filter>
    <Filter Include="Header files\USER">
      <UniqueIdentifier>{257e5d2f-7b94-4e22-8a6b-e4867aa702fe}</UniqueIdentifier>
    </Filter>
    <Filter Include="Header files\HARDWARE">
      <UniqueIdentifier>{46aad882-6d35-44d8-9806-6f22bb977c53}</UniqueIdentifier>
    </Filter>
    <Filter Include="Header files\SYSTEM">
      <UniqueIdentifier>{c6c619ef-65e8-49ec-a892-e84cb538d755}</UniqueIdentifier>
    </Filter>
    <Filter Include="Header files\CORE">
      <UniqueIdentifier>{c5b211cf-be5a-4079-986d-2a276a9a6dbf}</UniqueIdentifier>
    </Filter>
    <Filter Include="Header files\FWLIB">
      <UniqueIdentifier>{648ed68a-6abe-4d74-8a0d-3493ce521939}</UniqueIdentifier>
    </Filter>
    <Filter Include="Header files\UCOSIII-BSP">
      <UniqueIdentifier>{2cfb07bf-8695-497b-972f-7693c2bd2abd}</UniqueIdentifier>
    </Filter>
    <Filter Include="Header files\UCOSIII_CPU">
      <UniqueIdentifier>{fd6f4439-efa2-43d3-9112-fc2af323cbc9}</UniqueIdentifier>
    </Filter>
    <Filter Include="Header files\UCOSIII_LIB">
      <UniqueIdentifier>{ceb0fc7c-f6b3-425a-9457-acd1d9d6753e}</UniqueIdentifier>
    </Filter>
    <Filter Include="Header files\UCOSIII_CORE">
      <UniqueIdentifier>{81178baa-7ae6-4fb0-8cb9-324553114798}</UniqueIdentifier>
    </Filter>
    <Filter Include="Header files\UCOSIII_PORT">
      <UniqueIdentifier>{c14eb5e2-26ea-416c-9ced-83c6772c81f9}</UniqueIdentifier>
    </Filter>
    <Filter Include="Header files\UCOSIII_CONFIG">
      <UniqueIdentifier>{cf341640-b60a-467b-a978-81cc0303ba46}</UniqueIdentifier>
    </Filter>
    <Filter Include="Header files\Device-specific files">
      <UniqueIdentifier>{9ff3d8cd-ceec-4766-9f95-08779ac8d305}</UniqueIdentifier>
    </Filter>
    <Filter Include="VisualGDB settings">
      <UniqueIdentifier>{c731fb7b-3ff5-46fa-a035-d65522906ce7}</UniqueIdentifier>
    </Filter>
  </ItemGroup>
  <ItemGroup>
    <ClCompile Include="..\..\..\USER\main.c">
      <Filter>Source files\USER</Filter>
    </ClCompile>
    <ClCompile Include="..\..\..\USER\stm32f10x_it.c">
      <Filter>Source files\USER</Filter>
    </ClCompile>
    <ClCompile Include="..\..\..\USER\system_stm32f10x.c">
      <Filter>Source files\USER</Filter>
    </ClCompile>
    <ClCompile Include="..\..\..\HARDWARE\LED\led.c">
      <Filter>Source files\HARDWARE</Filter>
    </ClCompile>
    <ClCompile Include="..\..\..\HARDWARE\LCD\ILI93xx.c">
      <Filter>Source files\HARDWARE</Filter>
    </ClCompile>
    <ClCompile Include="..\..\..\HARDWARE\KEY\key.c">
      <Filter>Source files\HARDWARE</Filter>
    </ClCompile>
    <ClCompile Include="..\..\..\SYSTEM\delay\delay.c">
      <Filter>Source files\SYSTEM</Filter>
    </ClCompile>
    <ClCompile Include="..\..\..\SYSTEM\sys\sys.c">
      <Filter>Source files\SYSTEM</Filter>
    </ClCompile>
    <ClCompile Include="..\..\..\SYSTEM\usart\usart.c">
      <Filter>Source files\SYSTEM</Filter>
    </ClCompile>
    <ClCompile Include="..\..\..\CORE\core_cm3.c">
      <Filter>Source files\CORE</Filter>
    </ClCompile>
    <ClCompile Include="..\..\..\CORE\startup_stm32f10x_hd.s">
      <Filter>Source files\CORE</Filter>
    </ClCompile>
    <ClCompile Include="..\..\..\FWLIB\STM32F10x_FWLib\src\misc.c">
      <Filter>Source files\FWLIB</Filter>
    </ClCompile>
    <ClCompile Include="..\..\..\FWLIB\STM32F10x_FWLib\src\stm32f10x_gpio.c">
      <Filter>Source files\FWLIB</Filter>
    </ClCompile>
    <ClCompile Include="..\..\..\FWLIB\STM32F10x_FWLib\src\stm32f10x_usart.c">
      <Filter>Source files\FWLIB</Filter>
    </ClCompile>
    <ClCompile Include="..\..\..\FWLIB\STM32F10x_FWLib\src\stm32f10x_rcc.c">
      <Filter>Source files\FWLIB</Filter>
    </ClCompile>
    <ClCompile Include="..\..\..\UCOSIII\UCOS_BSP\bsp.c">
      <Filter>Source files\UCOSIII-BSP</Filter>
    </ClCompile>
    <ClCompile Include="..\..\..\UCOSIII\uC-CPU\cpu_core.c">
      <Filter>Source files\UCOSIII_CPU</Filter>
    </ClCompile>
    <ClCompile Include="..\..\..\UCOSIII\uC-CPU\ARM-Cortex-M3\RealView\cpu_c.c">
      <Filter>Source files\UCOSIII_CPU</Filter>
    </ClCompile>
    <ClCompile Include="..\..\..\UCOSIII\uC-LIB\lib_ascii.c">
      <Filter>Source files\UCOSIII_LIB</Filter>
    </ClCompile>
    <ClCompile Include="..\..\..\UCOSIII\uC-LIB\lib_math.c">
      <Filter>Source files\UCOSIII_LIB</Filter>
    </ClCompile>
    <ClCompile Include="..\..\..\UCOSIII\uC-LIB\lib_mem.c">
      <Filter>Source files\UCOSIII_LIB</Filter>
    </ClCompile>
    <ClCompile Include="..\..\..\UCOSIII\uC-LIB\lib_str.c">
      <Filter>Source files\UCOSIII_LIB</Filter>
    </ClCompile>
    <ClCompile Include="..\..\..\UCOSIII\uCOS-III\Source\os_cfg_app.c">
      <Filter>Source files\UCOSIII_CORE</Filter>
    </ClCompile>
    <ClCompile Include="..\..\..\UCOSIII\uCOS-III\Source\os_core.c">
      <Filter>Source files\UCOSIII_CORE</Filter>
    </ClCompile>
    <ClCompile Include="..\..\..\UCOSIII\uCOS-III\Source\os_dbg.c">
      <Filter>Source files\UCOSIII_CORE</Filter>
    </ClCompile>
    <ClCompile Include="..\..\..\UCOSIII\uCOS-III\Source\os_flag.c">
      <Filter>Source files\UCOSIII_CORE</Filter>
    </ClCompile>
    <ClCompile Include="..\..\..\UCOSIII\uCOS-III\Source\os_int.c">
      <Filter>Source files\UCOSIII_CORE</Filter>
    </ClCompile>
    <ClCompile Include="..\..\..\UCOSIII\uCOS-III\Source\os_mem.c">
      <Filter>Source files\UCOSIII_CORE</Filter>
    </ClCompile>
    <ClCompile Include="..\..\..\UCOSIII\uCOS-III\Source\os_msg.c">
      <Filter>Source files\UCOSIII_CORE</Filter>
    </ClCompile>
    <ClCompile Include="..\..\..\UCOSIII\uCOS-III\Source\os_mutex.c">
      <Filter>Source files\UCOSIII_CORE</Filter>
    </ClCompile>
    <ClCompile Include="..\..\..\UCOSIII\uCOS-III\Source\os_pend_multi.c">
      <Filter>Source files\UCOSIII_CORE</Filter>
    </ClCompile>
    <ClCompile Include="..\..\..\UCOSIII\uCOS-III\Source\os_prio.c">
      <Filter>Source files\UCOSIII_CORE</Filter>
    </ClCompile>
    <ClCompile Include="..\..\..\UCOSIII\uCOS-III\Source\os_q.c">
      <Filter>Source files\UCOSIII_CORE</Filter>
    </ClCompile>
    <ClCompile Include="..\..\..\UCOSIII\uCOS-III\Source\os_sem.c">
      <Filter>Source files\UCOSIII_CORE</Filter>
    </ClCompile>
    <ClCompile Include="..\..\..\UCOSIII\uCOS-III\Source\os_stat.c">
      <Filter>Source files\UCOSIII_CORE</Filter>
    </ClCompile>
    <ClCompile Include="..\..\..\UCOSIII\uCOS-III\Source\os_task.c">
      <Filter>Source files\UCOSIII_CORE</Filter>
    </ClCompile>
    <ClCompile Include="..\..\..\UCOSIII\uCOS-III\Source\os_tick.c">
      <Filter>Source files\UCOSIII_CORE</Filter>
    </ClCompile>
    <ClCompile Include="..\..\..\UCOSIII\uCOS-III\Source\os_time.c">
      <Filter>Source files\UCOSIII_CORE</Filter>
    </ClCompile>
    <ClCompile Include="..\..\..\UCOSIII\uCOS-III\Source\os_tmr.c">
      <Filter>Source files\UCOSIII_CORE</Filter>
    </ClCompile>
    <ClCompile Include="..\..\..\UCOSIII\uCOS-III\Source\os_var.c">
      <Filter>Source files\UCOSIII_CORE</Filter>
    </ClCompile>
    <ClCompile Include="..\..\..\UCOSIII\uCOS-III\Ports\ARM-Cortex-M3\Generic\RealView\os_cpu_a.s">
      <Filter>Source files\UCOSIII_PORT</Filter>
    </ClCompile>
    <ClCompile Include="..\..\..\UCOSIII\uCOS-III\Ports\ARM-Cortex-M3\Generic\RealView\os_cpu_c.c">
      <Filter>Source files\UCOSIII_PORT</Filter>
    </ClCompile>
    <ClCompile Include="..\..\..\UCOSIII\uCOS_CONFIG\os_app_hooks.c">
      <Filter>Source files\UCOSIII_CONFIG</Filter>
    </ClCompile>
    <None Include="mcu.props">
      <Filter>Source files\Device-specific files</Filter>
    </None>
    <ClInclude Include="..\..\..\UCOSIII\uCOS-III\Ports\ARM-Cortex-M3\Generic\RealView\os_cpu.h">
      <Filter>Header files\UCOSIII_PORT</Filter>
    </ClInclude>
    <ClInclude Include="..\..\..\UCOSIII\uCOS_CONFIG\app_cfg.h">
      <Filter>Header files\UCOSIII_CONFIG</Filter>
    </ClInclude>
    <ClInclude Include="..\..\..\UCOSIII\uCOS_CONFIG\cpu_cfg.h">
      <Filter>Header files\UCOSIII_CONFIG</Filter>
    </ClInclude>
    <ClInclude Include="..\..\..\UCOSIII\uCOS_CONFIG\includes.h">
      <Filter>Header files\UCOSIII_CONFIG</Filter>
    </ClInclude>
    <ClInclude Include="..\..\..\UCOSIII\uCOS_CONFIG\lib_cfg.h">
      <Filter>Header files\UCOSIII_CONFIG</Filter>
    </ClInclude>
    <ClInclude Include="..\..\..\UCOSIII\uCOS_CONFIG\os_app_hooks.h">
      <Filter>Header files\UCOSIII_CONFIG</Filter>
    </ClInclude>
    <ClInclude Include="..\..\..\UCOSIII\uCOS_CONFIG\os_cfg.h">
      <Filter>Header files\UCOSIII_CONFIG</Filter>
    </ClInclude>
    <ClInclude Include="..\..\..\UCOSIII\uCOS_CONFIG\os_cfg_app.h">
      <Filter>Header files\UCOSIII_CONFIG</Filter>
    </ClInclude>
    <ClInclude Include="$(BSP_ROOT)\Device\Include\stm32f10x.h">
      <Filter>Header files\Device-specific files</Filter>
    </ClInclude>
    <None Include="F103_10_2UseSemaphoresToAccessTheShared-Debug.vgdbsettings">
      <Filter>VisualGDB settings</Filter>
    </None>
    <None Include="F103_10_2UseSemaphoresToAccessTheShared-Release.vgdbsettings">
      <Filter>VisualGDB settings</Filter>
    </None>
    <None Include="MCU.xml">
      <Filter>VisualGDB settings</Filter>
    </None>
    <ClCompile Include="..\..\..\UCOSIII\uC-CPU\ARM-Cortex-M3\RealView\cpu_a.s">
      <Filter>Source files\UCOSIII_CPU</Filter>
    </ClCompile>
    <ClCompile Include="..\..\..\UCOSIII\uC-LIB\Ports\ARM-Cortex-M3\RealView\lib_mem_a.s">
      <Filter>Source files\UCOSIII_LIB</Filter>
    </ClCompile>
    <ClInclude Include="RTE/RTE_Components.h">
      <Filter>Header files</Filter>
    </ClInclude>
  </ItemGroup>
  <ItemGroup>
    <None Include="..\..\..\..\..\..\..\嵌入式学习\资料\正点原子战舰STM32F103ZET6\ALIENTEK UCOS学习视频\第15讲 UCOSIII信号量和互斥信号量(上)\第15讲 UCOSIII信号量和互斥信号量(上).ppt">
      <Filter>Resource files</Filter>
    </None>
    <None Include="..\..\..\..\..\..\..\嵌入式学习\资料\正点原子战舰STM32F103ZET6\ALIENTEK UCOS学习视频\第15讲 UCOSIII信号量和互斥信号量(上)\第15讲 UCOSIII信号量和互斥信号量(上).rmvb">
      <Filter>Resource files</Filter>
    </None>
    <None Include="..\..\..\..\..\..\..\嵌入式学习\资料\正点原子战舰STM32F103ZET6\ALIENTEK UCOS学习视频\第16讲 UCOSIII信号量和互斥信号量(下)\第16讲 UCOSIII信号量和互斥信号量(下).ppt">
      <Filter>Resource files</Filter>
    </None>
    <None Include="..\..\..\..\..\..\..\嵌入式学习\资料\正点原子战舰STM32F103ZET6\ALIENTEK UCOS学习视频\第16讲 UCOSIII信号量和互斥信号量(下)\第16讲 UCOSIII信号量和互斥信号量(下).rmvb">
      <Filter>Resource files</Filter>
    </None>
  </ItemGroup>
</Project>